{
  "name": "bekelu-chatbot",
  "version": "1.0.0",
  "lockfileVersion": 3,
  "requires": true,
  "packages": {
    "": {
      "name": "bekelu-chatbot",
      "version": "1.0.0",
      "license": "ISC",
      "dependencies": {
        "amharic-chatbot": "^1.0.6"
      }
    },
    "node_modules/amharic-chatbot": {
      "version": "1.0.6",
      "resolved": "https://registry.npmjs.org/amharic-chatbot/-/amharic-chatbot-1.0.6.tgz",
      "integrity": "sha512-mNESoI7gKU2XzRxUUqQ7U0KoW+GvxXoxKDG7NCuL8Hoa2mINz7bip/w0jVg1bUy30pryC9yBGUQ/g1+Yn9BVGg==",
      "license": "ISC"
    }
  }
}
